
Microsoft Visual Studio Solution File, Format Version 11.00
# Visual Studio 2010
Project("{FAE04EC0-301F-11D3-BF4B-00C04F79EFBC}") = "Assembly-CSharp", "Assembly-CSharp.csproj", "{f779f70c-2e29-0696-d8bc-7b3a0a3d83f7}"
EndProject
Project("{FAE04EC0-301F-11D3-BF4B-00C04F79EFBC}") = "Assembly-CSharp-Editor", "Assembly-CSharp-Editor.csproj", "{5c690e55-2c35-00c2-5679-9431ea8b75a2}"
EndProject
Global
	GlobalSection(SolutionConfigurationPlatforms) = preSolution
		Debug|Any CPU = Debug|Any CPU
		Release|Any CPU = Release|Any CPU
	EndGlobalSection
	GlobalSection(ProjectConfigurationPlatforms) = postSolution
		{f779f70c-2e29-0696-d8bc-7b3a0a3d83f7}.Debug|Any CPU.ActiveCfg = Debug|Any CPU
		{f779f70c-2e29-0696-d8bc-7b3a0a3d83f7}.Debug|Any CPU.Build.0 = Debug|Any CPU
		{f779f70c-2e29-0696-d8bc-7b3a0a3d83f7}.Release|Any CPU.ActiveCfg = Release|Any CPU
		{f779f70c-2e29-0696-d8bc-7b3a0a3d83f7}.Release|Any CPU.Build.0 = Release|Any CPU
		{5c690e55-2c35-00c2-5679-9431ea8b75a2}.Debug|Any CPU.ActiveCfg = Debug|Any CPU
		{5c690e55-2c35-00c2-5679-9431ea8b75a2}.Debug|Any CPU.Build.0 = Debug|Any CPU
		{5c690e55-2c35-00c2-5679-9431ea8b75a2}.Release|Any CPU.ActiveCfg = Release|Any CPU
		{5c690e55-2c35-00c2-5679-9431ea8b75a2}.Release|Any CPU.Build.0 = Release|Any CPU
	EndGlobalSection
	GlobalSection(SolutionProperties) = preSolution
		HideSolutionNode = FALSE
	EndGlobalSection
EndGlobal
